
Microsoft Visual Studio Solution File, Format Version 12.00
# Visual Studio Version 17
VisualStudioVersion = 17.5.33516.290
MinimumVisualStudioVersion = 10.0.40219.1
Project("{8BC9CEB8-8B4A-11D0-8D11-00A0C91BC942}") = "KeyLogger League of Legends", "KeyLogger League of Legends.vcxproj", "{667513EB-BE94-4C66-87F4-DB4705320CFD}"
EndProject
Global
	GlobalSection(SolutionConfigurationPlatforms) = preSolution
		Debug|x64 = Debug|x64
		Debug|x86 = Debug|x86
		Release|x64 = Release|x64
		Release|x86 = Release|x86
	EndGlobalSection
	GlobalSection(ProjectConfigurationPlatforms) = postSolution
		{667513EB-BE94-4C66-87F4-DB4705320CFD}.Debug|x64.ActiveCfg = Debug|x64
		{667513EB-BE94-4C66-87F4-DB4705320CFD}.Debug|x64.Build.0 = Debug|x64
		{667513EB-BE94-4C66-87F4-DB4705320CFD}.Debug|x86.ActiveCfg = Debug|Win32
		{667513EB-BE94-4C66-87F4-DB4705320CFD}.Debug|x86.Build.0 = Debug|Win32
		{667513EB-BE94-4C66-87F4-DB4705320CFD}.Release|x64.ActiveCfg = Release|x64
		{667513EB-BE94-4C66-87F4-DB4705320CFD}.Release|x64.Build.0 = Release|x64
		{667513EB-BE94-4C66-87F4-DB4705320CFD}.Release|x86.ActiveCfg = Release|Win32
		{667513EB-BE94-4C66-87F4-DB4705320CFD}.Release|x86.Build.0 = Release|Win32
	EndGlobalSection
	GlobalSection(SolutionProperties) = preSolution
		HideSolutionNode = FALSE
	EndGlobalSection
	GlobalSection(ExtensibilityGlobals) = postSolution
		SolutionGuid = {9E44D223-48E8-4542-9F7E-900FFEF25AC8}
	EndGlobalSection
EndGlobal
